
Microsoft Visual Studio Solution File, Format Version 12.00
# Visual Studio Version 17
VisualStudioVersion = 17.12.35521.163 d17.12
MinimumVisualStudioVersion = 10.0.40219.1
Project("{FAE04EC0-301F-11D3-BF4B-00C04F79EFBC}") = "BuildBlazorApps", "BuildBlazorApps\BuildBlazorApps.csproj", "{FB368CE1-C35A-4A17-B026-CD2E63AA7B66}"
EndProject
Project("{2150E333-8FDC-42A3-9474-1A3956D46DE8}") = "01_FirstApp", "01_FirstApp", "{7CB9E160-A1B7-4E1B-8F7A-3D0EDCB19008}"
EndProject
Project("{2150E333-8FDC-42A3-9474-1A3956D46DE8}") = "02_DataInteraction", "02_DataInteraction", "{A0EA2CF0-C478-4A46-A71E-44AD340C8DCE}"
EndProject
Project("{2150E333-8FDC-42A3-9474-1A3956D46DE8}") = "03_Navigation", "03_Navigation", "{38A90F8C-13B6-483A-A6AD-47E45CBCF6B8}"
EndProject
Project("{2150E333-8FDC-42A3-9474-1A3956D46DE8}") = "04_Forms", "04_Forms", "{E8B80DED-57DB-4706-B06C-C8C36B426FA5}"
EndProject
Project("{2150E333-8FDC-42A3-9474-1A3956D46DE8}") = "NewFolder1", "NewFolder1", "{93A12DC9-69A1-4987-8887-0537B334320B}"
EndProject
Global
	GlobalSection(SolutionConfigurationPlatforms) = preSolution
		Debug|Any CPU = Debug|Any CPU
		Release|Any CPU = Release|Any CPU
	EndGlobalSection
	GlobalSection(ProjectConfigurationPlatforms) = postSolution
		{FB368CE1-C35A-4A17-B026-CD2E63AA7B66}.Debug|Any CPU.ActiveCfg = Debug|Any CPU
		{FB368CE1-C35A-4A17-B026-CD2E63AA7B66}.Debug|Any CPU.Build.0 = Debug|Any CPU
		{FB368CE1-C35A-4A17-B026-CD2E63AA7B66}.Release|Any CPU.ActiveCfg = Release|Any CPU
		{FB368CE1-C35A-4A17-B026-CD2E63AA7B66}.Release|Any CPU.Build.0 = Release|Any CPU
	EndGlobalSection
	GlobalSection(SolutionProperties) = preSolution
		HideSolutionNode = FALSE
	EndGlobalSection
EndGlobal
